
Microsoft Visual Studio Solution File, Format Version 12.00
# Visual Studio 15
VisualStudioVersion = 15.0.28307.1758
MinimumVisualStudioVersion = 10.0.40219.1
Project("{8BC9CEB8-8B4A-11D0-8D11-00A0C91BC942}") = "01C++书写Helloworld", "01C++书写Helloworld\01C++书写Helloworld.vcxproj", "{AAB0E0F3-025B-4281-A08E-3FED803494EE}"
EndProject
Global
	GlobalSection(SolutionConfigurationPlatforms) = preSolution
		Debug|x64 = Debug|x64
		Debug|x86 = Debug|x86
		Release|x64 = Release|x64
		Release|x86 = Release|x86
	EndGlobalSection
	GlobalSection(ProjectConfigurationPlatforms) = postSolution
		{AAB0E0F3-025B-4281-A08E-3FED803494EE}.Debug|x64.ActiveCfg = Debug|x64
		{AAB0E0F3-025B-4281-A08E-3FED803494EE}.Debug|x64.Build.0 = Debug|x64
		{AAB0E0F3-025B-4281-A08E-3FED803494EE}.Debug|x86.ActiveCfg = Debug|Win32
		{AAB0E0F3-025B-4281-A08E-3FED803494EE}.Debug|x86.Build.0 = Debug|Win32
		{AAB0E0F3-025B-4281-A08E-3FED803494EE}.Release|x64.ActiveCfg = Release|x64
		{AAB0E0F3-025B-4281-A08E-3FED803494EE}.Release|x64.Build.0 = Release|x64
		{AAB0E0F3-025B-4281-A08E-3FED803494EE}.Release|x86.ActiveCfg = Release|Win32
		{AAB0E0F3-025B-4281-A08E-3FED803494EE}.Release|x86.Build.0 = Release|Win32
	EndGlobalSection
	GlobalSection(SolutionProperties) = preSolution
		HideSolutionNode = FALSE
	EndGlobalSection
	GlobalSection(ExtensibilityGlobals) = postSolution
		SolutionGuid = {2C4A2E0A-5335-4FDD-A89A-AFD65FA32161}
	EndGlobalSection
EndGlobal
